
Microsoft Visual Studio Solution File, Format Version 12.00
# Visual Studio 15
VisualStudioVersion = 15.0.28307.421
MinimumVisualStudioVersion = 10.0.40219.1
Project("{FAE04EC0-301F-11D3-BF4B-00C04F79EFBC}") = "Training01", "Training01\Training01.csproj", "{89043E99-02AE-4E33-B8EA-5096540E749C}"
EndProject
Project("{FAE04EC0-301F-11D3-BF4B-00C04F79EFBC}") = "Training01Answer", "Training01Answer\Training01Answer.csproj", "{D1D59489-CC7E-4CCD-9966-0AA317D69208}"
EndProject
Project("{FAE04EC0-301F-11D3-BF4B-00C04F79EFBC}") = "Training02", "Training02\Training02.csproj", "{AB06FA8E-E45C-42B3-A394-C7E35789C0F7}"
EndProject
Global
	GlobalSection(SolutionConfigurationPlatforms) = preSolution
		Debug|Any CPU = Debug|Any CPU
		Release|Any CPU = Release|Any CPU
	EndGlobalSection
	GlobalSection(ProjectConfigurationPlatforms) = postSolution
		{89043E99-02AE-4E33-B8EA-5096540E749C}.Debug|Any CPU.ActiveCfg = Debug|Any CPU
		{89043E99-02AE-4E33-B8EA-5096540E749C}.Debug|Any CPU.Build.0 = Debug|Any CPU
		{89043E99-02AE-4E33-B8EA-5096540E749C}.Release|Any CPU.ActiveCfg = Release|Any CPU
		{89043E99-02AE-4E33-B8EA-5096540E749C}.Release|Any CPU.Build.0 = Release|Any CPU
		{D1D59489-CC7E-4CCD-9966-0AA317D69208}.Debug|Any CPU.ActiveCfg = Debug|Any CPU
		{D1D59489-CC7E-4CCD-9966-0AA317D69208}.Debug|Any CPU.Build.0 = Debug|Any CPU
		{D1D59489-CC7E-4CCD-9966-0AA317D69208}.Release|Any CPU.ActiveCfg = Release|Any CPU
		{D1D59489-CC7E-4CCD-9966-0AA317D69208}.Release|Any CPU.Build.0 = Release|Any CPU
		{AB06FA8E-E45C-42B3-A394-C7E35789C0F7}.Debug|Any CPU.ActiveCfg = Debug|Any CPU
		{AB06FA8E-E45C-42B3-A394-C7E35789C0F7}.Debug|Any CPU.Build.0 = Debug|Any CPU
		{AB06FA8E-E45C-42B3-A394-C7E35789C0F7}.Release|Any CPU.ActiveCfg = Release|Any CPU
		{AB06FA8E-E45C-42B3-A394-C7E35789C0F7}.Release|Any CPU.Build.0 = Release|Any CPU
	EndGlobalSection
	GlobalSection(SolutionProperties) = preSolution
		HideSolutionNode = FALSE
	EndGlobalSection
	GlobalSection(ExtensibilityGlobals) = postSolution
		SolutionGuid = {B3528B8B-9E10-46E4-8B66-C62F5A755C60}
	EndGlobalSection
EndGlobal
